# This file was autogenerated by Stack.
# You should not edit this file by hand.
# For more information, please see the documentation at:
#   https://docs.haskellstack.org/en/stable/lock_files

packages:
- completed:
    hackage: sdl2-2.5.0.0@sha256:9b5b19ca4caf80cbd79e5815ffea13cfa2d2215d1b2ab10dc904bbe42ca47dc2,11303
    pantry-tree:
      size: 6571
      sha256: 1069f5072a87b27eff43b892d021e4e327e77e5989c8f93864ef1965b99fd725
  original:
    hackage: sdl2-2.5.0.0
snapshots:
- completed:
    size: 500539
    url: https://raw.githubusercontent.com/commercialhaskell/stackage-snapshots/master/lts/13/27.yaml
    sha256: 690db832392afe55733b4c7023fd29b1b1c660ee42f1fb505b86b07394ca994e
  original: lts-13.27
